
Microsoft Visual Studio Solution File, Format Version 12.00
# Visual Studio Version 17
VisualStudioVersion = 17.2.32616.157
MinimumVisualStudioVersion = 10.0.40219.1
Project("{2150E333-8FDC-42A3-9474-1A3956D46DE8}") = "UI", "UI", "{B1C43AF5-1BFE-4947-8AC0-8BD2C844CB65}"
EndProject
Project("{FAE04EC0-301F-11D3-BF4B-00C04F79EFBC}") = "Ventory.WebApp", "Ventory.WebApp\Ventory.WebApp.csproj", "{AC80D1DE-BA52-4232-BC30-D57CB6B1D6DD}"
EndProject
Global
	GlobalSection(SolutionConfigurationPlatforms) = preSolution
		Debug|Any CPU = Debug|Any CPU
		Release|Any CPU = Release|Any CPU
	EndGlobalSection
	GlobalSection(ProjectConfigurationPlatforms) = postSolution
		{AC80D1DE-BA52-4232-BC30-D57CB6B1D6DD}.Debug|Any CPU.ActiveCfg = Debug|Any CPU
		{AC80D1DE-BA52-4232-BC30-D57CB6B1D6DD}.Debug|Any CPU.Build.0 = Debug|Any CPU
		{AC80D1DE-BA52-4232-BC30-D57CB6B1D6DD}.Release|Any CPU.ActiveCfg = Release|Any CPU
		{AC80D1DE-BA52-4232-BC30-D57CB6B1D6DD}.Release|Any CPU.Build.0 = Release|Any CPU
	EndGlobalSection
	GlobalSection(SolutionProperties) = preSolution
		HideSolutionNode = FALSE
	EndGlobalSection
	GlobalSection(NestedProjects) = preSolution
		{AC80D1DE-BA52-4232-BC30-D57CB6B1D6DD} = {B1C43AF5-1BFE-4947-8AC0-8BD2C844CB65}
	EndGlobalSection
	GlobalSection(ExtensibilityGlobals) = postSolution
		SolutionGuid = {CEEA465C-35E0-4F56-83DA-DCAD6917001B}
	EndGlobalSection
EndGlobal
